{
  "name": "bubbles",
  "version": "0.1.0",
  "lockfileVersion": 1,
  "requires": true,
  "dependencies": {
    "@babel/runtime": {
      "version": "7.15.3",
      "resolved": "https://registry.npmjs.org/@babel/runtime/-/runtime-7.15.3.tgz",
      "integrity": "sha512-OvwMLqNXkCXSz1kSm58sEsNuhqOx/fKpnUnKnFB5v8uDda5bLNEHNgKPvhDN6IU0LDcnHQ90LlJ0Q6jnyBSIBA==",
      "requires": {
        "regenerator-runtime": "^0.13.4"
      }
    },
    "@next/env": {
      "version": "12.1.0",
      "resolved": "https://registry.npmjs.org/@next/env/-/env-12.1.0.tgz",
      "integrity": "sha512-nrIgY6t17FQ9xxwH3jj0a6EOiQ/WDHUos35Hghtr+SWN/ntHIQ7UpuvSi0vaLzZVHQWaDupKI+liO5vANcDeTQ=="
    },
    "@next/swc-android-arm64": {
      "version": "12.1.0",
      "resolved": "https://registry.npmjs.org/@next/swc-android-arm64/-/swc-android-arm64-12.1.0.tgz",
      "integrity": "sha512-/280MLdZe0W03stA69iL+v6I+J1ascrQ6FrXBlXGCsGzrfMaGr7fskMa0T5AhQIVQD4nA/46QQWxG//DYuFBcA==",
      "optional": true
    },
    "@next/swc-darwin-arm64": {
      "version": "12.1.0",
      "resolved": "https://registry.npmjs.org/@next/swc-darwin-arm64/-/swc-darwin-arm64-12.1.0.tgz",
      "integrity": "sha512-R8vcXE2/iONJ1Unf5Ptqjk6LRW3bggH+8drNkkzH4FLEQkHtELhvcmJwkXcuipyQCsIakldAXhRbZmm3YN1vXg==",
      "optional": true
    },
    "@next/swc-darwin-x64": {
      "version": "12.1.0",
      "resolved": "https://registry.npmjs.org/@next/swc-darwin-x64/-/swc-darwin-x64-12.1.0.tgz",
      "integrity": "sha512-ieAz0/J0PhmbZBB8+EA/JGdhRHBogF8BWaeqR7hwveb6SYEIJaDNQy0I+ZN8gF8hLj63bEDxJAs/cEhdnTq+ug==",
      "optional": true
    },
    "@next/swc-linux-arm-gnueabihf": {
      "version": "12.1.0",
      "resolved": "https://registry.npmjs.org/@next/swc-linux-arm-gnueabihf/-/swc-linux-arm-gnueabihf-12.1.0.tgz",
      "integrity": "sha512-njUd9hpl6o6A5d08dC0cKAgXKCzm5fFtgGe6i0eko8IAdtAPbtHxtpre3VeSxdZvuGFh+hb0REySQP9T1ttkog==",
      "optional": true
    },
    "@next/swc-linux-arm64-gnu": {
      "version": "12.1.0",
      "resolved": "https://registry.npmjs.org/@next/swc-linux-arm64-gnu/-/swc-linux-arm64-gnu-12.1.0.tgz",
      "integrity": "sha512-OqangJLkRxVxMhDtcb7Qn1xjzFA3s50EIxY7mljbSCLybU+sByPaWAHY4px97ieOlr2y4S0xdPKkQ3BCAwyo6Q==",
      "optional": true
    },
    "@next/swc-linux-arm64-musl": {
      "version": "12.1.0",
      "resolved": "https://registry.npmjs.org/@next/swc-linux-arm64-musl/-/swc-linux-arm64-musl-12.1.0.tgz",
      "integrity": "sha512-hB8cLSt4GdmOpcwRe2UzI5UWn6HHO/vLkr5OTuNvCJ5xGDwpPXelVkYW/0+C3g5axbDW2Tym4S+MQCkkH9QfWA==",
      "optional": true
    },
    "@next/swc-linux-x64-gnu": {
      "version": "12.1.0",
      "resolved": "https://registry.npmjs.org/@next/swc-linux-x64-gnu/-/swc-linux-x64-gnu-12.1.0.tgz",
      "integrity": "sha512-OKO4R/digvrVuweSw/uBM4nSdyzsBV5EwkUeeG4KVpkIZEe64ZwRpnFB65bC6hGwxIBnTv5NMSnJ+0K/WmG78A==",
      "optional": true
    },
    "@next/swc-linux-x64-musl": {
      "version": "12.1.0",
      "resolved": "https://registry.npmjs.org/@next/swc-linux-x64-musl/-/swc-linux-x64-musl-12.1.0.tgz",
      "integrity": "sha512-JohhgAHZvOD3rQY7tlp7NlmvtvYHBYgY0x5ZCecUT6eCCcl9lv6iV3nfu82ErkxNk1H893fqH0FUpznZ/H3pSw==",
      "optional": true
    },
    "@next/swc-win32-arm64-msvc": {
      "version": "12.1.0",
      "resolved": "https://registry.npmjs.org/@next/swc-win32-arm64-msvc/-/swc-win32-arm64-msvc-12.1.0.tgz",
      "integrity": "sha512-T/3gIE6QEfKIJ4dmJk75v9hhNiYZhQYAoYm4iVo1TgcsuaKLFa+zMPh4056AHiG6n9tn2UQ1CFE8EoybEsqsSw==",
      "optional": true
    },
    "@next/swc-win32-ia32-msvc": {
      "version": "12.1.0",
      "resolved": "https://registry.npmjs.org/@next/swc-win32-ia32-msvc/-/swc-win32-ia32-msvc-12.1.0.tgz",
      "integrity": "sha512-iwnKgHJdqhIW19H9PRPM9j55V6RdcOo6rX+5imx832BCWzkDbyomWnlzBfr6ByUYfhohb8QuH4hSGEikpPqI0Q==",
      "optional": true
    },
    "@next/swc-win32-x64-msvc": {
      "version": "12.1.0",
      "resolved": "https://registry.npmjs.org/@next/swc-win32-x64-msvc/-/swc-win32-x64-msvc-12.1.0.tgz",
      "integrity": "sha512-aBvcbMwuanDH4EMrL2TthNJy+4nP59Bimn8egqv6GHMVj0a44cU6Au4PjOhLNqEh9l+IpRGBqMTzec94UdC5xg==",
      "optional": true
    },
    "@prisma/bar": {
      "version": "0.0.1",
      "resolved": "https://registry.npmjs.org/@prisma/bar/-/bar-0.0.1.tgz",
      "integrity": "sha512-FVLhwVkbfhXlBhroWfIXMLi+3Jh9IEzYp+9z+MUUiw3ZsbcoAil7CN9/QIjHc4/TcCRyRfuSmT7qCnn4O+TjJw==",
      "dev": true
    },
    "@prisma/cli": {
      "version": "2.12.0",
      "resolved": "https://registry.npmjs.org/@prisma/cli/-/cli-2.12.0.tgz",
      "integrity": "sha512-6olsgYNo1WePykEjKD3I49OCu9QKASoLLYV04y5UZxBqwkfxPoD8ppE+kc1nvRF8u+TU0oTLMphNTj2/l6tNsg==",
      "dev": true,
      "requires": {
        "@prisma/bar": "^0.0.1",
        "@prisma/engines": "2.12.0-18.cf0680a1bfe8d5e743dc659cc7f08009f9587d58"
      }
    },
    "@prisma/client": {
      "version": "2.12.0",
      "resolved": "https://registry.npmjs.org/@prisma/client/-/client-2.12.0.tgz",
      "integrity": "sha512-OozxNF5I8+amaMLlb7NZK3XbvmUgBRUpq2cqresmIhsrfH/LaOaAr4riDW3cF/YgIEpb4tgPoSUEDI3VKyD4yg==",
      "requires": {
        "@prisma/engines-version": "2.12.0-18.cf0680a1bfe8d5e743dc659cc7f08009f9587d58"
      }
    },
    "@prisma/engines": {
      "version": "2.12.0-18.cf0680a1bfe8d5e743dc659cc7f08009f9587d58",
      "resolved": "https://registry.npmjs.org/@prisma/engines/-/engines-2.12.0-18.cf0680a1bfe8d5e743dc659cc7f08009f9587d58.tgz",
      "integrity": "sha512-F6RmUZ5JpPWxmGvVDji8c4gepHIGkvYbtuFi0IoDDJVaCVo8yS656stciKFyswI6/BLWXa0X47/MIMbz6nzw7g==",
      "dev": true
    },
    "@prisma/engines-version": {
      "version": "2.12.0-18.cf0680a1bfe8d5e743dc659cc7f08009f9587d58",
      "resolved": "https://registry.npmjs.org/@prisma/engines-version/-/engines-version-2.12.0-18.cf0680a1bfe8d5e743dc659cc7f08009f9587d58.tgz",
      "integrity": "sha512-IHb/Jag1Wmoq5tLZhOHP5zqLHEXqQEfrHb6l0drIBSvh2AF7yWQ3yyuD0ZEb1Nq37SvbBgop5wrWMOU8YWFTGQ=="
    },
    "@types/json-schema": {
      "version": "7.0.9",
      "resolved": "https://registry.npmjs.org/@types/json-schema/-/json-schema-7.0.9.tgz",
      "integrity": "sha512-qcUXuemtEu+E5wZSJHNxUXeCZhAfXKQ41D+duX+VYPde7xyEVZci+/oXKJL13tnRs9lR2pr4fod59GT6/X1/yQ=="
    },
    "@types/node": {
      "version": "14.14.12",
      "resolved": "https://registry.npmjs.org/@types/node/-/node-14.14.12.tgz",
      "integrity": "sha512-ASH8OPHMNlkdjrEdmoILmzFfsJICvhBsFfAum4aKZ/9U4B6M6tTmTPh+f3ttWdD74CEGV5XvXWkbyfSdXaTd7g==",
      "dev": true
    },
    "@types/prop-types": {
      "version": "15.7.4",
      "resolved": "https://registry.npmjs.org/@types/prop-types/-/prop-types-15.7.4.tgz",
      "integrity": "sha512-rZ5drC/jWjrArrS8BR6SIr4cWpW09RNTYt9AMZo3Jwwif+iacXAqgVjm0B0Bv/S1jhDXKHqRVNCbACkJ89RAnQ=="
    },
    "@types/react": {
      "version": "16.14.2",
      "resolved": "https://registry.npmjs.org/@types/react/-/react-16.14.2.tgz",
      "integrity": "sha512-BzzcAlyDxXl2nANlabtT4thtvbbnhee8hMmH/CcJrISDBVcJS1iOsP1f0OAgSdGE0MsY9tqcrb9YoZcOFv9dbQ==",
      "requires": {
        "@types/prop-types": "*",
        "csstype": "^3.0.2"
      }
    },
    "ajv": {
      "version": "6.12.6",
      "resolved": "https://registry.npmjs.org/ajv/-/ajv-6.12.6.tgz",
      "integrity": "sha512-j3fVLgvTo527anyYyJOGTYJbG+vnnQYvE0m5mmkc1TK+nxAppkCLMIL0aZ4dblVCNoGShhm+kzE4ZUykBoMg4g==",
      "requires": {
        "fast-deep-equal": "^3.1.1",
        "fast-json-stable-stringify": "^2.0.0",
        "json-schema-traverse": "^0.4.1",
        "uri-js": "^4.2.2"
      }
    },
    "ajv-keywords": {
      "version": "3.5.2",
      "resolved": "https://registry.npmjs.org/ajv-keywords/-/ajv-keywords-3.5.2.tgz",
      "integrity": "sha512-5p6WTN0DdTGVQk6VjcEju19IgaHudalcfabD7yhDGeA6bcQnmL+CpveLJq/3hvfwd1aof6L386Ougkx6RfyMIQ=="
    },
    "axios": {
      "version": "0.21.2",
      "resolved": "https://registry.npmjs.org/axios/-/axios-0.21.2.tgz",
      "integrity": "sha512-87otirqUw3e8CzHTMO+/9kh/FSgXt/eVDvipijwDtEuwbkySWZ9SBm6VEubmJ/kLKEoLQV/POhxXFb66bfekfg==",
      "requires": {
        "follow-redirects": "^1.14.0"
      }
    },
    "big.js": {
      "version": "5.2.2",
      "resolved": "https://registry.npmjs.org/big.js/-/big.js-5.2.2.tgz",
      "integrity": "sha512-vyL2OymJxmarO8gxMr0mhChsO9QGwhynfuu4+MHTAW6czfq9humCB7rKpUjDd9YUiDPU4mzpyupFSvOClAwbmQ=="
    },
    "caniuse-lite": {
      "version": "1.0.30001312",
      "resolved": "https://registry.npmjs.org/caniuse-lite/-/caniuse-lite-1.0.30001312.tgz",
      "integrity": "sha512-Wiz1Psk2MEK0pX3rUzWaunLTZzqS2JYZFzNKqAiJGiuxIjRPLgV6+VDPOg6lQOUxmDwhTlh198JsTTi8Hzw6aQ=="
    },
    "clsx": {
      "version": "1.1.1",
      "resolved": "https://registry.npmjs.org/clsx/-/clsx-1.1.1.tgz",
      "integrity": "sha512-6/bPho624p3S2pMyvP5kKBPXnI3ufHLObBFCfgx+LkeR5lg2XYy2hqZqUf45ypD8COn2bhgGJSUE+l5dhNBieA=="
    },
    "csstype": {
      "version": "3.0.8",
      "resolved": "https://registry.npmjs.org/csstype/-/csstype-3.0.8.tgz",
      "integrity": "sha512-jXKhWqXPmlUeoQnF/EhTtTl4C9SnrxSH/jZUih3jmO6lBKr99rP3/+FmrMj4EFpOXzMtXHAZkd3x0E6h6Fgflw=="
    },
    "date-fns": {
      "version": "2.16.1",
      "resolved": "https://registry.npmjs.org/date-fns/-/date-fns-2.16.1.tgz",
      "integrity": "sha512-sAJVKx/FqrLYHAQeN7VpJrPhagZc9R4ImZIWYRFZaaohR3KzmuK88touwsSwSVT8Qcbd4zoDsnGfX4GFB4imyQ=="
    },
    "dequal": {
      "version": "2.0.2",
      "resolved": "https://registry.npmjs.org/dequal/-/dequal-2.0.2.tgz",
      "integrity": "sha512-q9K8BlJVxK7hQYqa6XISGmBZbtQQWVXSrRrWreHC94rMt1QL/Impruc+7p2CYSYuVIUr+YCt6hjrs1kkdJRTug=="
    },
    "dom-helpers": {
      "version": "5.2.1",
      "resolved": "https://registry.npmjs.org/dom-helpers/-/dom-helpers-5.2.1.tgz",
      "integrity": "sha512-nRCa7CK3VTrM2NmGkIy4cbK7IZlgBE/PYMn55rrXefr5xXDP0LdtfPnblFDoVdcAfslJ7or6iqAUnx0CCGIWQA==",
      "requires": {
        "@babel/runtime": "^7.8.7",
        "csstype": "^3.0.2"
      }
    },
    "emojis-list": {
      "version": "3.0.0",
      "resolved": "https://registry.npmjs.org/emojis-list/-/emojis-list-3.0.0.tgz",
      "integrity": "sha512-/kyM18EfinwXZbno9FyUGeFh87KC8HRQBQGildHZbEuRyWFOmv1U10o9BBp8XVZDVNNuQKyIGIu5ZYAAXJ0V2Q=="
    },
    "fast-deep-equal": {
      "version": "3.1.3",
      "resolved": "https://registry.npmjs.org/fast-deep-equal/-/fast-deep-equal-3.1.3.tgz",
      "integrity": "sha512-f3qQ9oQy9j2AhBe/H9VC91wLmKBCCU/gDOnKNAYG5hswO7BLKj09Hc5HYNz9cGI++xlpDCIgDaitVs03ATR84Q=="
    },
    "fast-json-stable-stringify": {
      "version": "2.1.0",
      "resolved": "https://registry.npmjs.org/fast-json-stable-stringify/-/fast-json-stable-stringify-2.1.0.tgz",
      "integrity": "sha512-lhd/wF+Lk98HZoTCtlVraHtfh5XYijIjalXck7saUtuanSDyLMxnHhSXEDJqHxD7msR8D0uCmqlkwjCV8xvwHw=="
    },
    "file-loader": {
      "version": "6.2.0",
      "resolved": "https://registry.npmjs.org/file-loader/-/file-loader-6.2.0.tgz",
      "integrity": "sha512-qo3glqyTa61Ytg4u73GultjHGjdRyig3tG6lPtyX/jOEJvHif9uB0/OCI2Kif6ctF3caQTW2G5gym21oAsI4pw==",
      "requires": {
        "loader-utils": "^2.0.0",
        "schema-utils": "^3.0.0"
      },
      "dependencies": {
        "schema-utils": {
          "version": "3.1.1",
          "resolved": "https://registry.npmjs.org/schema-utils/-/schema-utils-3.1.1.tgz",
          "integrity": "sha512-Y5PQxS4ITlC+EahLuXaY86TXfR7Dc5lw294alXOq86JAHCihAIZfqv8nNCWvaEJvaC51uN9hbLGeV0cFBdH+Fw==",
          "requires": {
            "@types/json-schema": "^7.0.8",
            "ajv": "^6.12.5",
            "ajv-keywords": "^3.5.2"
          }
        }
      }
    },
    "follow-redirects": {
      "version": "1.14.3",
      "resolved": "https://registry.npmjs.org/follow-redirects/-/follow-redirects-1.14.3.tgz",
      "integrity": "sha512-3MkHxknWMUtb23apkgz/83fDoe+y+qr0TdgacGIA7bew+QLBo3vdgEN2xEsuXNivpFy4CyDhBBZnNZOtalmenw=="
    },
    "js-tokens": {
      "version": "4.0.0",
      "resolved": "https://registry.npmjs.org/js-tokens/-/js-tokens-4.0.0.tgz",
      "integrity": "sha512-RdJUflcE3cUzKiMqQgsCu06FPu9UdIJO0beYbPhHN4k6apgJtifcoCtT9bcxOpYBtpD2kCM6Sbzg4CausW/PKQ=="
    },
    "json-schema-traverse": {
      "version": "0.4.1",
      "resolved": "https://registry.npmjs.org/json-schema-traverse/-/json-schema-traverse-0.4.1.tgz",
      "integrity": "sha512-xbbCH5dCYU5T8LcEhhuh7HJ88HXuW3qsI3Y0zOZFKfZEHcpWiHU/Jxzk629Brsab/mMiHQti9wMP+845RPe3Vg=="
    },
    "json5": {
      "version": "2.2.0",
      "resolved": "https://registry.npmjs.org/json5/-/json5-2.2.0.tgz",
      "integrity": "sha512-f+8cldu7X/y7RAJurMEJmdoKXGB/X550w2Nr3tTbezL6RwEE/iMcm+tZnXeoZtKuOq6ft8+CqzEkrIgx1fPoQA==",
      "requires": {
        "minimist": "^1.2.5"
      }
    },
    "loader-utils": {
      "version": "2.0.0",
      "resolved": "https://registry.npmjs.org/loader-utils/-/loader-utils-2.0.0.tgz",
      "integrity": "sha512-rP4F0h2RaWSvPEkD7BLDFQnvSf+nK+wr3ESUjNTyAGobqrijmW92zc+SO6d4p4B1wh7+B/Jg1mkQe5NYUEHtHQ==",
      "requires": {
        "big.js": "^5.2.2",
        "emojis-list": "^3.0.0",
        "json5": "^2.1.2"
      }
    },
    "loose-envify": {
      "version": "1.4.0",
      "resolved": "https://registry.npmjs.org/loose-envify/-/loose-envify-1.4.0.tgz",
      "integrity": "sha512-lyuxPGr/Wfhrlem2CL/UcnUc1zcqKAImBDzukY7Y5F/yQiNdko6+fRLevlw1HgMySw7f611UIY408EtxRSoK3Q==",
      "requires": {
        "js-tokens": "^3.0.0 || ^4.0.0"
      }
    },
    "match-sorter": {
      "version": "6.1.0",
      "resolved": "https://registry.npmjs.org/match-sorter/-/match-sorter-6.1.0.tgz",
      "integrity": "sha512-sKPMf4kbF7Dm5Crx0bbfLpokK68PUJ/0STUIOPa1ZmTZEA3lCaPK3gapQR573oLmvdkTfGojzySkIwuq6Z6xRQ==",
      "requires": {
        "@babel/runtime": "^7.12.5",
        "remove-accents": "0.4.2"
      }
    },
    "mime-db": {
      "version": "1.49.0",
      "resolved": "https://registry.npmjs.org/mime-db/-/mime-db-1.49.0.tgz",
      "integrity": "sha512-CIc8j9URtOVApSFCQIF+VBkX1RwXp/oMMOrqdyXSBXq5RWNEsRfyj1kiRnQgmNXmHxPoFIxOroKA3zcU9P+nAA=="
    },
    "mime-types": {
      "version": "2.1.32",
      "resolved": "https://registry.npmjs.org/mime-types/-/mime-types-2.1.32.tgz",
      "integrity": "sha512-hJGaVS4G4c9TSMYh2n6SQAGrC4RnfU+daP8G7cSCmaqNjiOoUY0VHCMS42pxnQmVF1GWwFhbHWn3RIxCqTmZ9A==",
      "requires": {
        "mime-db": "1.49.0"
      }
    },
    "minimist": {
      "version": "1.2.5",
      "resolved": "https://registry.npmjs.org/minimist/-/minimist-1.2.5.tgz",
      "integrity": "sha512-FM9nNUYrRBAELZQT3xeZQ7fmMOBg6nWNmJKTcgsJeaLstP/UODVpGsr5OhXhhXg6f+qtJ8uiZ+PUxkDWcgIXLw=="
    },
    "nanoid": {
      "version": "3.3.1",
      "resolved": "https://registry.npmjs.org/nanoid/-/nanoid-3.3.1.tgz",
      "integrity": "sha512-n6Vs/3KGyxPQd6uO0eH4Bv0ojGSUvuLlIHtC3Y0kEO23YRge8H9x1GCzLn28YX0H66pMkxuaeESFq4tKISKwdw=="
    },
    "next": {
      "version": "12.1.0",
      "resolved": "https://registry.npmjs.org/next/-/next-12.1.0.tgz",
      "integrity": "sha512-s885kWvnIlxsUFHq9UGyIyLiuD0G3BUC/xrH0CEnH5lHEWkwQcHOORgbDF0hbrW9vr/7am4ETfX4A7M6DjrE7Q==",
      "requires": {
        "@next/env": "12.1.0",
        "@next/swc-android-arm64": "12.1.0",
        "@next/swc-darwin-arm64": "12.1.0",
        "@next/swc-darwin-x64": "12.1.0",
        "@next/swc-linux-arm-gnueabihf": "12.1.0",
        "@next/swc-linux-arm64-gnu": "12.1.0",
        "@next/swc-linux-arm64-musl": "12.1.0",
        "@next/swc-linux-x64-gnu": "12.1.0",
        "@next/swc-linux-x64-musl": "12.1.0",
        "@next/swc-win32-arm64-msvc": "12.1.0",
        "@next/swc-win32-ia32-msvc": "12.1.0",
        "@next/swc-win32-x64-msvc": "12.1.0",
        "caniuse-lite": "^1.0.30001283",
        "postcss": "8.4.5",
        "styled-jsx": "5.0.0",
        "use-subscription": "1.5.1"
      }
    },
    "next-images": {
      "version": "1.6.2",
      "resolved": "https://registry.npmjs.org/next-images/-/next-images-1.6.2.tgz",
      "integrity": "sha512-tmINk0NzJ/D7Kk16x9gOgTd9wlcVG4IfyEcQqt/SY31miwuv5pzUhT7fakO2fYPrXimHOEPBaacCz1G6jADcbQ==",
      "requires": {
        "file-loader": "^6.0.0",
        "url-loader": "^4.0.0"
      }
    },
    "object-assign": {
      "version": "4.1.1",
      "resolved": "https://registry.npmjs.org/object-assign/-/object-assign-4.1.1.tgz",
      "integrity": "sha1-IQmtx5ZYh8/AXLvUQsrIv7s2CGM="
    },
    "picocolors": {
      "version": "1.0.0",
      "resolved": "https://registry.npmjs.org/picocolors/-/picocolors-1.0.0.tgz",
      "integrity": "sha512-1fygroTLlHu66zi26VoTDv8yRgm0Fccecssto+MhsZ0D/DGW2sm8E8AjW7NU5VVTRt5GxbeZ5qBuJr+HyLYkjQ=="
    },
    "postcss": {
      "version": "8.4.5",
      "resolved": "https://registry.npmjs.org/postcss/-/postcss-8.4.5.tgz",
      "integrity": "sha512-jBDboWM8qpaqwkMwItqTQTiFikhs/67OYVvblFFTM7MrZjt6yMKd6r2kgXizEbTTljacm4NldIlZnhbjr84QYg==",
      "requires": {
        "nanoid": "^3.1.30",
        "picocolors": "^1.0.0",
        "source-map-js": "^1.0.1"
      }
    },
    "prop-types": {
      "version": "15.7.2",
      "resolved": "https://registry.npmjs.org/prop-types/-/prop-types-15.7.2.tgz",
      "integrity": "sha512-8QQikdH7//R2vurIJSutZ1smHYTcLpRWEOlHnzcWHmBYrOGUysKwSsrC89BCiFj3CbrfJ/nXFdJepOVrY1GCHQ==",
      "requires": {
        "loose-envify": "^1.4.0",
        "object-assign": "^4.1.1",
        "react-is": "^16.8.1"
      }
    },
    "punycode": {
      "version": "2.1.1",
      "resolved": "https://registry.npmjs.org/punycode/-/punycode-2.1.1.tgz",
      "integrity": "sha512-XRsRjdf+j5ml+y/6GKHPZbrF/8p2Yga0JPtdqTIY2Xe5ohJPD9saDJJLPvp9+NSBprVvevdXZybnj2cv8OEd0A=="
    },
    "react": {
      "version": "17.0.1",
      "resolved": "https://registry.npmjs.org/react/-/react-17.0.1.tgz",
      "integrity": "sha512-lG9c9UuMHdcAexXtigOZLX8exLWkW0Ku29qPRU8uhF2R9BN96dLCt0psvzPLlHc5OWkgymP3qwTRgbnw5BKx3w==",
      "requires": {
        "loose-envify": "^1.1.0",
        "object-assign": "^4.1.1"
      }
    },
    "react-contenteditable": {
      "version": "3.3.5",
      "resolved": "https://registry.npmjs.org/react-contenteditable/-/react-contenteditable-3.3.5.tgz",
      "integrity": "sha512-38A7hlRQfb2KQAQT0kIJC2YlQUU7jcyYM4eh1fj6kAYb3Hmk6hHlr0snelyxVSpPXjPdFllrnSsPkzUS5AtrEA==",
      "requires": {
        "fast-deep-equal": "^2.0.1",
        "prop-types": "^15.7.1"
      },
      "dependencies": {
        "fast-deep-equal": {
          "version": "2.0.1",
          "resolved": "https://registry.npmjs.org/fast-deep-equal/-/fast-deep-equal-2.0.1.tgz",
          "integrity": "sha1-ewUhjd+WZ79/Nwv3/bLLFf3Qqkk="
        }
      }
    },
    "react-dom": {
      "version": "17.0.1",
      "resolved": "https://registry.npmjs.org/react-dom/-/react-dom-17.0.1.tgz",
      "integrity": "sha512-6eV150oJZ9U2t9svnsspTMrWNyHc6chX0KzDeAOXftRa8bNeOKTTfCJ7KorIwenkHd2xqVTBTCZd79yk/lx/Ug==",
      "requires": {
        "loose-envify": "^1.1.0",
        "object-assign": "^4.1.1",
        "scheduler": "^0.20.1"
      }
    },
    "react-google-login": {
      "version": "5.1.25",
      "resolved": "https://registry.npmjs.org/react-google-login/-/react-google-login-5.1.25.tgz",
      "integrity": "sha512-N7SZkjTEX9NsC3hywXs68SPJWAHo6M19Bs1OIFPirG0yomGF7KnbKjSqoiIfxz1V7fKAt8bkfBAzogwnGWYTeQ==",
      "requires": {
        "@types/react": "*",
        "prop-types": "^15.6.0"
      }
    },
    "react-icons": {
      "version": "4.2.0",
      "resolved": "https://registry.npmjs.org/react-icons/-/react-icons-4.2.0.tgz",
      "integrity": "sha512-rmzEDFt+AVXRzD7zDE21gcxyBizD/3NqjbX6cmViAgdqfJ2UiLer8927/QhhrXQV7dEj/1EGuOTPp7JnLYVJKQ=="
    },
    "react-is": {
      "version": "16.13.1",
      "resolved": "https://registry.npmjs.org/react-is/-/react-is-16.13.1.tgz",
      "integrity": "sha512-24e6ynE2H+OKt4kqsOvNd8kBpV65zoxbA4BVsEOB3ARVWQki/DHzaUoC5KuON/BiccDaCCTZBuOcfZs70kR8bQ=="
    },
    "react-toastify": {
      "version": "6.2.0",
      "resolved": "https://registry.npmjs.org/react-toastify/-/react-toastify-6.2.0.tgz",
      "integrity": "sha512-XpjFrcBhQ0/nBOL4syqgP/TywFnOyxmstYLWgSQWcj39qpp+WU4vPt3C/ayIDx7RFyxRWfzWTdR2qOcDGo7G0w==",
      "requires": {
        "clsx": "^1.1.1",
        "prop-types": "^15.7.2",
        "react-transition-group": "^4.4.1"
      }
    },
    "react-transition-group": {
      "version": "4.4.2",
      "resolved": "https://registry.npmjs.org/react-transition-group/-/react-transition-group-4.4.2.tgz",
      "integrity": "sha512-/RNYfRAMlZwDSr6z4zNKV6xu53/e2BuaBbGhbyYIXTrmgu/bGHzmqOs7mJSJBHy9Ud+ApHx3QjrkKSp1pxvlFg==",
      "requires": {
        "@babel/runtime": "^7.5.5",
        "dom-helpers": "^5.0.1",
        "loose-envify": "^1.4.0",
        "prop-types": "^15.6.2"
      }
    },
    "regenerator-runtime": {
      "version": "0.13.9",
      "resolved": "https://registry.npmjs.org/regenerator-runtime/-/regenerator-runtime-0.13.9.tgz",
      "integrity": "sha512-p3VT+cOEgxFsRRA9X4lkI1E+k2/CtnKtU4gcxyaCUreilL/vqI6CdZ3wxVUx3UOUg+gnUOQQcRI7BmSI656MYA=="
    },
    "remove-accents": {
      "version": "0.4.2",
      "resolved": "https://registry.npmjs.org/remove-accents/-/remove-accents-0.4.2.tgz",
      "integrity": "sha1-CkPTqq4egNuRngeuJUsoXZ4ce7U="
    },
    "scheduler": {
      "version": "0.20.2",
      "resolved": "https://registry.npmjs.org/scheduler/-/scheduler-0.20.2.tgz",
      "integrity": "sha512-2eWfGgAqqWFGqtdMmcL5zCMK1U8KlXv8SQFGglL3CEtd0aDVDWgeF/YoCmvln55m5zSk3J/20hTaSBeSObsQDQ==",
      "requires": {
        "loose-envify": "^1.1.0",
        "object-assign": "^4.1.1"
      }
    },
    "source-map-js": {
      "version": "1.0.2",
      "resolved": "https://registry.npmjs.org/source-map-js/-/source-map-js-1.0.2.tgz",
      "integrity": "sha512-R0XvVJ9WusLiqTCEiGCmICCMplcCkIwwR11mOSD9CR5u+IXYdiseeEuXCVAjS54zqwkLcPNnmU4OeJ6tUrWhDw=="
    },
    "styled-jsx": {
      "version": "5.0.0",
      "resolved": "https://registry.npmjs.org/styled-jsx/-/styled-jsx-5.0.0.tgz",
      "integrity": "sha512-qUqsWoBquEdERe10EW8vLp3jT25s/ssG1/qX5gZ4wu15OZpmSMFI2v+fWlRhLfykA5rFtlJ1ME8A8pm/peV4WA=="
    },
    "swr": {
      "version": "0.3.9",
      "resolved": "https://registry.npmjs.org/swr/-/swr-0.3.9.tgz",
      "integrity": "sha512-lyN4SjBzpoW4+v3ebT7JUtpzf9XyzrFwXIFv+E8ZblvMa5enSNaUBs4EPkL8gGA/GDMLngEmB53o5LaNboAPfg==",
      "requires": {
        "dequal": "2.0.2"
      }
    },
    "typescript": {
      "version": "4.1.2",
      "resolved": "https://registry.npmjs.org/typescript/-/typescript-4.1.2.tgz",
      "integrity": "sha512-thGloWsGH3SOxv1SoY7QojKi0tc+8FnOmiarEGMbd/lar7QOEd3hvlx3Fp5y6FlDUGl9L+pd4n2e+oToGMmhRQ==",
      "dev": true
    },
    "uri-js": {
      "version": "4.4.1",
      "resolved": "https://registry.npmjs.org/uri-js/-/uri-js-4.4.1.tgz",
      "integrity": "sha512-7rKUyy33Q1yc98pQ1DAmLtwX109F7TIfWlW1Ydo8Wl1ii1SeHieeh0HHfPeL2fMXK6z0s8ecKs9frCuLJvndBg==",
      "requires": {
        "punycode": "^2.1.0"
      }
    },
    "url-loader": {
      "version": "4.1.1",
      "resolved": "https://registry.npmjs.org/url-loader/-/url-loader-4.1.1.tgz",
      "integrity": "sha512-3BTV812+AVHHOJQO8O5MkWgZ5aosP7GnROJwvzLS9hWDj00lZ6Z0wNak423Lp9PBZN05N+Jk/N5Si8jRAlGyWA==",
      "requires": {
        "loader-utils": "^2.0.0",
        "mime-types": "^2.1.27",
        "schema-utils": "^3.0.0"
      },
      "dependencies": {
        "schema-utils": {
          "version": "3.1.1",
          "resolved": "https://registry.npmjs.org/schema-utils/-/schema-utils-3.1.1.tgz",
          "integrity": "sha512-Y5PQxS4ITlC+EahLuXaY86TXfR7Dc5lw294alXOq86JAHCihAIZfqv8nNCWvaEJvaC51uN9hbLGeV0cFBdH+Fw==",
          "requires": {
            "@types/json-schema": "^7.0.8",
            "ajv": "^6.12.5",
            "ajv-keywords": "^3.5.2"
          }
        }
      }
    },
    "use-subscription": {
      "version": "1.5.1",
      "resolved": "https://registry.npmjs.org/use-subscription/-/use-subscription-1.5.1.tgz",
      "integrity": "sha512-Xv2a1P/yReAjAbhylMfFplFKj9GssgTwN7RlcTxBujFQcloStWNDQdc4g4NRWH9xS4i/FDk04vQBptAXoF3VcA==",
      "requires": {
        "object-assign": "^4.1.1"
      }
    }
  }
}
